
Microsoft Visual Studio Solution File, Format Version 12.00
# Visual Studio Version 16
VisualStudioVersion = 16.0.30114.105
MinimumVisualStudioVersion = 10.0.40219.1
Project("{FAE04EC0-301F-11D3-BF4B-00C04F79EFBC}") = "TestChat.Client", "TestChat.Client\TestChat.Client.csproj", "{1AA76099-4EF9-47ED-B287-99E0D7055DC7}"
EndProject
Project("{FAE04EC0-301F-11D3-BF4B-00C04F79EFBC}") = "TestChat.Server", "TestChat.Server\TestChat.Server.csproj", "{F5F25FF8-0BF9-40D2-A63B-B501DDA8A4E2}"
EndProject
Global
	GlobalSection(SolutionConfigurationPlatforms) = preSolution
		Debug|Any CPU = Debug|Any CPU
		Release|Any CPU = Release|Any CPU
	EndGlobalSection
	GlobalSection(ProjectConfigurationPlatforms) = postSolution
		{1AA76099-4EF9-47ED-B287-99E0D7055DC7}.Debug|Any CPU.ActiveCfg = Debug|Any CPU
		{1AA76099-4EF9-47ED-B287-99E0D7055DC7}.Debug|Any CPU.Build.0 = Debug|Any CPU
		{1AA76099-4EF9-47ED-B287-99E0D7055DC7}.Release|Any CPU.ActiveCfg = Release|Any CPU
		{1AA76099-4EF9-47ED-B287-99E0D7055DC7}.Release|Any CPU.Build.0 = Release|Any CPU
		{F5F25FF8-0BF9-40D2-A63B-B501DDA8A4E2}.Debug|Any CPU.ActiveCfg = Debug|Any CPU
		{F5F25FF8-0BF9-40D2-A63B-B501DDA8A4E2}.Debug|Any CPU.Build.0 = Debug|Any CPU
		{F5F25FF8-0BF9-40D2-A63B-B501DDA8A4E2}.Release|Any CPU.ActiveCfg = Release|Any CPU
		{F5F25FF8-0BF9-40D2-A63B-B501DDA8A4E2}.Release|Any CPU.Build.0 = Release|Any CPU
	EndGlobalSection
	GlobalSection(SolutionProperties) = preSolution
		HideSolutionNode = FALSE
	EndGlobalSection
	GlobalSection(ExtensibilityGlobals) = postSolution
		SolutionGuid = {15EB4A92-8585-4586-9BF8-D9B723236427}
	EndGlobalSection
EndGlobal
